
Microsoft Visual Studio Solution File, Format Version 12.00
# Visual Studio 2013
VisualStudioVersion = 12.0.21005.1
MinimumVisualStudioVersion = 10.0.40219.1
Project("{FAE04EC0-301F-11D3-BF4B-00C04F79EFBC}") = "DMS", "DMS\DMS.csproj", "{2A2C211B-AF95-4D1A-A76F-42BF7244E25E}"
	ProjectSection(ProjectDependencies) = postProject
		{147CF155-827C-4691-B131-9A7497199AEB} = {147CF155-827C-4691-B131-9A7497199AEB}
		{947754DA-C063-4E15-9ABA-12A29CDA4D3F} = {947754DA-C063-4E15-9ABA-12A29CDA4D3F}
	EndProjectSection
EndProject
Project("{FAE04EC0-301F-11D3-BF4B-00C04F79EFBC}") = "DMS.Model", "DMS.Model\DMS.Model.csproj", "{E7F8CE6A-01B0-467C-82B3-121421C76078}"
EndProject
Project("{FAE04EC0-301F-11D3-BF4B-00C04F79EFBC}") = "DMS.Services", "DMS.Services\DMS.Services.csproj", "{147CF155-827C-4691-B131-9A7497199AEB}"
	ProjectSection(ProjectDependencies) = postProject
		{E7F8CE6A-01B0-467C-82B3-121421C76078} = {E7F8CE6A-01B0-467C-82B3-121421C76078}
		{947754DA-C063-4E15-9ABA-12A29CDA4D3F} = {947754DA-C063-4E15-9ABA-12A29CDA4D3F}
	EndProjectSection
EndProject
Project("{FAE04EC0-301F-11D3-BF4B-00C04F79EFBC}") = "DMS.Entities", "DMS.Entities\DMS.Entities.csproj", "{947754DA-C063-4E15-9ABA-12A29CDA4D3F}"
EndProject
Global
	GlobalSection(SolutionConfigurationPlatforms) = preSolution
		Debug|Any CPU = Debug|Any CPU
		Release|Any CPU = Release|Any CPU
	EndGlobalSection
	GlobalSection(ProjectConfigurationPlatforms) = postSolution
		{2A2C211B-AF95-4D1A-A76F-42BF7244E25E}.Debug|Any CPU.ActiveCfg = Debug|Any CPU
		{2A2C211B-AF95-4D1A-A76F-42BF7244E25E}.Debug|Any CPU.Build.0 = Debug|Any CPU
		{2A2C211B-AF95-4D1A-A76F-42BF7244E25E}.Release|Any CPU.ActiveCfg = Release|Any CPU
		{2A2C211B-AF95-4D1A-A76F-42BF7244E25E}.Release|Any CPU.Build.0 = Release|Any CPU
		{E7F8CE6A-01B0-467C-82B3-121421C76078}.Debug|Any CPU.ActiveCfg = Debug|Any CPU
		{E7F8CE6A-01B0-467C-82B3-121421C76078}.Debug|Any CPU.Build.0 = Debug|Any CPU
		{E7F8CE6A-01B0-467C-82B3-121421C76078}.Release|Any CPU.ActiveCfg = Release|Any CPU
		{E7F8CE6A-01B0-467C-82B3-121421C76078}.Release|Any CPU.Build.0 = Release|Any CPU
		{147CF155-827C-4691-B131-9A7497199AEB}.Debug|Any CPU.ActiveCfg = Debug|Any CPU
		{147CF155-827C-4691-B131-9A7497199AEB}.Debug|Any CPU.Build.0 = Debug|Any CPU
		{147CF155-827C-4691-B131-9A7497199AEB}.Release|Any CPU.ActiveCfg = Release|Any CPU
		{147CF155-827C-4691-B131-9A7497199AEB}.Release|Any CPU.Build.0 = Release|Any CPU
		{947754DA-C063-4E15-9ABA-12A29CDA4D3F}.Debug|Any CPU.ActiveCfg = Debug|Any CPU
		{947754DA-C063-4E15-9ABA-12A29CDA4D3F}.Debug|Any CPU.Build.0 = Debug|Any CPU
		{947754DA-C063-4E15-9ABA-12A29CDA4D3F}.Release|Any CPU.ActiveCfg = Release|Any CPU
		{947754DA-C063-4E15-9ABA-12A29CDA4D3F}.Release|Any CPU.Build.0 = Release|Any CPU
	EndGlobalSection
	GlobalSection(SolutionProperties) = preSolution
		HideSolutionNode = FALSE
	EndGlobalSection
EndGlobal
